
Microsoft Visual Studio Solution File, Format Version 12.00
# Visual Studio 15
VisualStudioVersion = 15.0.28307.421
MinimumVisualStudioVersion = 10.0.40219.1
Project("{FAE04EC0-301F-11D3-BF4B-00C04F79EFBC}") = "PrPr_Project.WEB", "PrPr_Project.WEB\PrPr_Project.WEB.csproj", "{BA8AFADA-FB2D-42C2-A50D-81465BD5FEF8}"
EndProject
Project("{FAE04EC0-301F-11D3-BF4B-00C04F79EFBC}") = "PrPr_Project.DAL", "PrPr_Project.DAL\PrPr_Project.DAL.csproj", "{932135F0-9959-42F9-B377-F9BDC11FDEC9}"
EndProject
Project("{FAE04EC0-301F-11D3-BF4B-00C04F79EFBC}") = "PrPr_Project.BL", "PrPr_Project.BL\PrPr_Project.BL.csproj", "{645A024D-6256-440D-B8F1-B9D80BB1FE90}"
EndProject
Global
	GlobalSection(SolutionConfigurationPlatforms) = preSolution
		Debug|Any CPU = Debug|Any CPU
		Release|Any CPU = Release|Any CPU
	EndGlobalSection
	GlobalSection(ProjectConfigurationPlatforms) = postSolution
		{BA8AFADA-FB2D-42C2-A50D-81465BD5FEF8}.Debug|Any CPU.ActiveCfg = Debug|Any CPU
		{BA8AFADA-FB2D-42C2-A50D-81465BD5FEF8}.Debug|Any CPU.Build.0 = Debug|Any CPU
		{BA8AFADA-FB2D-42C2-A50D-81465BD5FEF8}.Release|Any CPU.ActiveCfg = Release|Any CPU
		{BA8AFADA-FB2D-42C2-A50D-81465BD5FEF8}.Release|Any CPU.Build.0 = Release|Any CPU
		{932135F0-9959-42F9-B377-F9BDC11FDEC9}.Debug|Any CPU.ActiveCfg = Debug|Any CPU
		{932135F0-9959-42F9-B377-F9BDC11FDEC9}.Debug|Any CPU.Build.0 = Debug|Any CPU
		{932135F0-9959-42F9-B377-F9BDC11FDEC9}.Release|Any CPU.ActiveCfg = Release|Any CPU
		{932135F0-9959-42F9-B377-F9BDC11FDEC9}.Release|Any CPU.Build.0 = Release|Any CPU
		{645A024D-6256-440D-B8F1-B9D80BB1FE90}.Debug|Any CPU.ActiveCfg = Debug|Any CPU
		{645A024D-6256-440D-B8F1-B9D80BB1FE90}.Debug|Any CPU.Build.0 = Debug|Any CPU
		{645A024D-6256-440D-B8F1-B9D80BB1FE90}.Release|Any CPU.ActiveCfg = Release|Any CPU
		{645A024D-6256-440D-B8F1-B9D80BB1FE90}.Release|Any CPU.Build.0 = Release|Any CPU
	EndGlobalSection
	GlobalSection(SolutionProperties) = preSolution
		HideSolutionNode = FALSE
	EndGlobalSection
	GlobalSection(ExtensibilityGlobals) = postSolution
		SolutionGuid = {83849E72-DFE2-4858-BA6A-5A87AD31534C}
	EndGlobalSection
EndGlobal
